
Microsoft Visual Studio Solution File, Format Version 12.00
# Visual Studio Version 17
VisualStudioVersion = 17.11.35327.3
MinimumVisualStudioVersion = 10.0.40219.1
Project("{FAE04EC0-301F-11D3-BF4B-00C04F79EFBC}") = "CrossDeviceNetworkTool", "CrossDeviceNetworkTool\CrossDeviceNetworkTool.csproj", "{AC53E846-42E0-4807-A1F9-5E9B6EB7E8FA}"
EndProject
Global
	GlobalSection(SolutionConfigurationPlatforms) = preSolution
		Debug|Any CPU = Debug|Any CPU
		Release|Any CPU = Release|Any CPU
	EndGlobalSection
	GlobalSection(ProjectConfigurationPlatforms) = postSolution
		{AC53E846-42E0-4807-A1F9-5E9B6EB7E8FA}.Debug|Any CPU.ActiveCfg = Debug|Any CPU
		{AC53E846-42E0-4807-A1F9-5E9B6EB7E8FA}.Debug|Any CPU.Build.0 = Debug|Any CPU
		{AC53E846-42E0-4807-A1F9-5E9B6EB7E8FA}.Release|Any CPU.ActiveCfg = Release|Any CPU
		{AC53E846-42E0-4807-A1F9-5E9B6EB7E8FA}.Release|Any CPU.Build.0 = Release|Any CPU
	EndGlobalSection
	GlobalSection(SolutionProperties) = preSolution
		HideSolutionNode = FALSE
	EndGlobalSection
	GlobalSection(ExtensibilityGlobals) = postSolution
		SolutionGuid = {639F96B7-0F42-4251-B744-6CAE18661459}
	EndGlobalSection
EndGlobal
